
Microsoft Visual Studio Solution File, Format Version 12.00
# Visual Studio Version 17
VisualStudioVersion = 17.1.32210.238
MinimumVisualStudioVersion = 10.0.40219.1
Project("{9A19103F-16F7-4668-BE54-9A1E7A4F7556}") = "BDDLearning", "BDDLearning\BDDLearning.csproj", "{AE7B97E0-5289-4D49-8671-FB2C1010D803}"
EndProject
Global
	GlobalSection(SolutionConfigurationPlatforms) = preSolution
		Debug|Any CPU = Debug|Any CPU
		Release|Any CPU = Release|Any CPU
	EndGlobalSection
	GlobalSection(ProjectConfigurationPlatforms) = postSolution
		{AE7B97E0-5289-4D49-8671-FB2C1010D803}.Debug|Any CPU.ActiveCfg = Debug|Any CPU
		{AE7B97E0-5289-4D49-8671-FB2C1010D803}.Debug|Any CPU.Build.0 = Debug|Any CPU
		{AE7B97E0-5289-4D49-8671-FB2C1010D803}.Release|Any CPU.ActiveCfg = Release|Any CPU
		{AE7B97E0-5289-4D49-8671-FB2C1010D803}.Release|Any CPU.Build.0 = Release|Any CPU
	EndGlobalSection
	GlobalSection(SolutionProperties) = preSolution
		HideSolutionNode = FALSE
	EndGlobalSection
	GlobalSection(ExtensibilityGlobals) = postSolution
		SolutionGuid = {68A8D66E-B5AB-4C03-AFC6-1DE2F2C9845F}
	EndGlobalSection
EndGlobal
